
Microsoft Visual Studio Solution File, Format Version 10.00
# Visual Studio 2008
Project("{8BC9CEB8-8B4A-11D0-8D11-00A0C91BC942}") = "T08ANIM1", "T08ANIM1.vcproj", "{11E95B54-E2B4-4483-B33B-FE2E4A81E521}"
EndProject
Global
	GlobalSection(SolutionConfigurationPlatforms) = preSolution
		Debug|Win32 = Debug|Win32
		Release|Win32 = Release|Win32
	EndGlobalSection
	GlobalSection(ProjectConfigurationPlatforms) = postSolution
		{11E95B54-E2B4-4483-B33B-FE2E4A81E521}.Debug|Win32.ActiveCfg = Debug|Win32
		{11E95B54-E2B4-4483-B33B-FE2E4A81E521}.Debug|Win32.Build.0 = Debug|Win32
		{11E95B54-E2B4-4483-B33B-FE2E4A81E521}.Release|Win32.ActiveCfg = Release|Win32
		{11E95B54-E2B4-4483-B33B-FE2E4A81E521}.Release|Win32.Build.0 = Release|Win32
	EndGlobalSection
	GlobalSection(SolutionProperties) = preSolution
		HideSolutionNode = FALSE
	EndGlobalSection
EndGlobal
